lockfileVersion: '9.0'

settings:
  autoInstallPeers: true
  excludeLinksFromLockfile: false

importers:

  .:
    dependencies:
      stopword:
        specifier: ^3.1.4
        version: 3.1.4

packages:

  stopword@3.1.4:
    resolution: {integrity: sha512-RiyU12FwHWX1i42gxhn5sywgpV5mptZTzbHKqKh5wVDWC2Uu+8vKbLv8xxeNa0p29vECbYGLXpDayo54n9+dsg==}

snapshots:

  stopword@3.1.4: {}
