{
  "name": "examples",
  "version": "1.0.0",
  "lockfileVersion": 2,
  "requires": true,
  "packages": {
    "": {
      "name": "examples",
      "version": "1.0.0",
      "license": "ISC",
      "dependencies": {
        "porter-stemmer": "^0.9.1",
        "stopword": "^2.0.6"
      }
    },
    "node_modules/porter-stemmer": {
      "version": "0.9.1",
      "resolved": "https://registry.npmjs.org/porter-stemmer/-/porter-stemmer-0.9.1.tgz",
      "integrity": "sha512-vnSYgMMWKMo0+zCUumdcQAYE2RD55k2b27sPySqseetSRaGtXCCktv3llCB4EXyU1nQApMM5u+rGwVWcW72AHg==",
      "engines": {
        "node": "*"
      }
    },
    "node_modules/stopword": {
      "version": "2.0.6",
      "resolved": "https://registry.npmjs.org/stopword/-/stopword-2.0.6.tgz",
      "integrity": "sha512-clZFHO0RruykROEweuDenBGNNsuQaQiU0edrXJxmZW4WmAOVjs0mp4B4MHQpYywvHOZnettQs2zWXB6t/nx6sw=="
    }
  },
  "dependencies": {
    "porter-stemmer": {
      "version": "0.9.1",
      "resolved": "https://registry.npmjs.org/porter-stemmer/-/porter-stemmer-0.9.1.tgz",
      "integrity": "sha512-vnSYgMMWKMo0+zCUumdcQAYE2RD55k2b27sPySqseetSRaGtXCCktv3llCB4EXyU1nQApMM5u+rGwVWcW72AHg=="
    },
    "stopword": {
      "version": "2.0.6",
      "resolved": "https://registry.npmjs.org/stopword/-/stopword-2.0.6.tgz",
      "integrity": "sha512-clZFHO0RruykROEweuDenBGNNsuQaQiU0edrXJxmZW4WmAOVjs0mp4B4MHQpYywvHOZnettQs2zWXB6t/nx6sw=="
    }
  }
}
